
Microsoft Visual Studio Solution File, Format Version 12.00
# Visual Studio Version 17
VisualStudioVersion = 17.9.34701.34
MinimumVisualStudioVersion = 10.0.40219.1
Project("{FAE04EC0-301F-11D3-BF4B-00C04F79EFBC}") = "Ascon_Ufa_Test_Spiryukov_Artem", "Ascon_Ufa_Test_Spiryukov_Artem\Ascon_Ufa_Test_Spiryukov_Artem.csproj", "{A75DE9EE-558E-4AA1-8D17-F9B379DF5E00}"
EndProject
Global
	GlobalSection(SolutionConfigurationPlatforms) = preSolution
		Debug|Any CPU = Debug|Any CPU
		Release|Any CPU = Release|Any CPU
	EndGlobalSection
	GlobalSection(ProjectConfigurationPlatforms) = postSolution
		{A75DE9EE-558E-4AA1-8D17-F9B379DF5E00}.Debug|Any CPU.ActiveCfg = Debug|Any CPU
		{A75DE9EE-558E-4AA1-8D17-F9B379DF5E00}.Debug|Any CPU.Build.0 = Debug|Any CPU
		{A75DE9EE-558E-4AA1-8D17-F9B379DF5E00}.Release|Any CPU.ActiveCfg = Release|Any CPU
		{A75DE9EE-558E-4AA1-8D17-F9B379DF5E00}.Release|Any CPU.Build.0 = Release|Any CPU
	EndGlobalSection
	GlobalSection(SolutionProperties) = preSolution
		HideSolutionNode = FALSE
	EndGlobalSection
	GlobalSection(ExtensibilityGlobals) = postSolution
		SolutionGuid = {27FCAB71-823B-43ED-B8B8-CD3960785DBA}
	EndGlobalSection
EndGlobal
